
Microsoft Visual Studio Solution File, Format Version 12.00
Project("{FAE04EC0-301F-11D3-BF4B-00C04F79EFBC}") = "AluguelCarro", "AluguelCarro\AluguelCarro.csproj", "{A32DBAB6-8387-4D16-BA6D-0112F7B4BD19}"
EndProject
Global
	GlobalSection(SolutionConfigurationPlatforms) = preSolution
		Debug|Any CPU = Debug|Any CPU
		Release|Any CPU = Release|Any CPU
	EndGlobalSection
	GlobalSection(ProjectConfigurationPlatforms) = postSolution
		{A32DBAB6-8387-4D16-BA6D-0112F7B4BD19}.Debug|Any CPU.ActiveCfg = Debug|Any CPU
		{A32DBAB6-8387-4D16-BA6D-0112F7B4BD19}.Debug|Any CPU.Build.0 = Debug|Any CPU
		{A32DBAB6-8387-4D16-BA6D-0112F7B4BD19}.Release|Any CPU.ActiveCfg = Release|Any CPU
		{A32DBAB6-8387-4D16-BA6D-0112F7B4BD19}.Release|Any CPU.Build.0 = Release|Any CPU
	EndGlobalSection
EndGlobal
